
Microsoft Visual Studio Solution File, Format Version 12.00
# Visual Studio Version 17
VisualStudioVersion = 17.8.34511.84
MinimumVisualStudioVersion = 10.0.40219.1
Project("{FAE04EC0-301F-11D3-BF4B-00C04F79EFBC}") = "Aula02", "Aula02\Aula02.csproj", "{F318D9CF-9692-4D6F-8CAE-CC02ECE893FF}"
EndProject
Project("{FAE04EC0-301F-11D3-BF4B-00C04F79EFBC}") = "Bank", "Bank\Bank.csproj", "{92CB7532-30CB-4093-90A5-EA7E92EAF3B4}"
EndProject
Project("{FAE04EC0-301F-11D3-BF4B-00C04F79EFBC}") = "TestBank", "TestBank\TestBank.csproj", "{6CBAC927-B10D-4BC9-8149-AC92982FB5A5}"
EndProject
Global
	GlobalSection(SolutionConfigurationPlatforms) = preSolution
		Debug|Any CPU = Debug|Any CPU
		Release|Any CPU = Release|Any CPU
	EndGlobalSection
	GlobalSection(ProjectConfigurationPlatforms) = postSolution
		{F318D9CF-9692-4D6F-8CAE-CC02ECE893FF}.Debug|Any CPU.ActiveCfg = Debug|Any CPU
		{F318D9CF-9692-4D6F-8CAE-CC02ECE893FF}.Debug|Any CPU.Build.0 = Debug|Any CPU
		{F318D9CF-9692-4D6F-8CAE-CC02ECE893FF}.Release|Any CPU.ActiveCfg = Release|Any CPU
		{F318D9CF-9692-4D6F-8CAE-CC02ECE893FF}.Release|Any CPU.Build.0 = Release|Any CPU
		{92CB7532-30CB-4093-90A5-EA7E92EAF3B4}.Debug|Any CPU.ActiveCfg = Debug|Any CPU
		{92CB7532-30CB-4093-90A5-EA7E92EAF3B4}.Debug|Any CPU.Build.0 = Debug|Any CPU
		{92CB7532-30CB-4093-90A5-EA7E92EAF3B4}.Release|Any CPU.ActiveCfg = Release|Any CPU
		{92CB7532-30CB-4093-90A5-EA7E92EAF3B4}.Release|Any CPU.Build.0 = Release|Any CPU
		{6CBAC927-B10D-4BC9-8149-AC92982FB5A5}.Debug|Any CPU.ActiveCfg = Debug|Any CPU
		{6CBAC927-B10D-4BC9-8149-AC92982FB5A5}.Debug|Any CPU.Build.0 = Debug|Any CPU
		{6CBAC927-B10D-4BC9-8149-AC92982FB5A5}.Release|Any CPU.ActiveCfg = Release|Any CPU
		{6CBAC927-B10D-4BC9-8149-AC92982FB5A5}.Release|Any CPU.Build.0 = Release|Any CPU
	EndGlobalSection
	GlobalSection(SolutionProperties) = preSolution
		HideSolutionNode = FALSE
	EndGlobalSection
	GlobalSection(ExtensibilityGlobals) = postSolution
		SolutionGuid = {E2B63D6F-B576-4CE3-BF5D-10B272B565AC}
	EndGlobalSection
EndGlobal
